{
  "name": "nextjs-landing-page",
  "version": "0.1.0",
  "lockfileVersion": 3,
  "requires": true,
  "packages": {
    "": {
      "name": "nextjs-landing-page",
      "version": "0.1.0",
      "dependencies": {
        "next": "14.2.5",
        "react": "18.2.0",
        "react-dom": "18.2.0",
        "reflect-metadata": "0.2.1",
        "sqlite3": "5.1.6",
        "tailwindcss": "3.4.0",
        "typeorm": "0.3.20"
      },
      "devDependencies": {
        "@types/node": "20.11.24",
        "@types/react": "18.2.61",
        "@types/react-dom": "18.2.19",
        "@types/sqlite3": "3.1.8",
        "autoprefixer": "10.4.19",
        "eslint": "8.57.0",
        "eslint-config-next": "14.2.5",
        "postcss": "8.4.38",
        "typescript": "5.4.5"
      }
    },
    "node_modules/@next/eslint-plugin-next": {
      "version": "14.2.5",
      "resolved": "https://registry.npmjs.org/@next/eslint-plugin-next/-/eslint-plugin-next-14.2.5.tgz",
      "integrity": "sha512-vVmg9sk99R31N5E1oUZLLlMQjA+XdT4J1pSP/nl3d+2wCvyK1ckliAwosO5AM8HxNkYtH1MSdLCRfVbJ2Hl6Sw==",
      "dev": true,
      "peerDependencies": {
        "eslint": ">=7.0.0"
      }
    },
    "node_modules/@types/node": {
      "version": "20.11.24",
      "resolved": "https://registry.npmjs.org/@types/node/-/node-20.11.24.tgz",
      "integrity": "sha512-K5m+pTcLfU8KPVHhMfBh5kAh6nCXhNv3hdjD6oVpge8w7QZqKcBkPjZNyBpsQS1kHrTs/x/LQjN6t85O9CClcQ==",
      "dev": true,
      "dependencies": {
        "undici-types": "~5.26.4"
      }
    },
    "node_modules/@types/react": {
      "version": "18.2.61",
      "resolved": "https://registry.npmjs.org/@types/react/-/react-18.2.61.tgz",
      "integrity": "sha512-cT/q2tiqs1kO+5ILXkGvHn5oPpwB4++ywzZQaI13rOrGf/15L6N38e8bbKX8EWB9UYqI8k6RIlkt3Gf91bB0hA==",
      "dev": true,
      "dependencies": {
        "csstype": "^3.0.2"
      }
    },
    "node_modules/@types/react-dom": {
      "version": "18.2.19",
      "resolved": "https://registry.npmjs.org/@types/react-dom/-/react-dom-18.2.19.tgz",
      "integrity": "sha512-xKnm1ncO9+8X4jIGNH4G/TqXurPCW/T1QvFkmyQm+gG+KqU5Yd3qQQLFdQrTsnT0HxHrBy4yhFwDR3zrTmwGHw==",
      "dev": true,
      "dependencies": {
        "@types/react": "*"
      }
    },
    "node_modules/@types/sqlite3": {
      "version": "3.1.8",
      "resolved": "https://registry.npmjs.org/@types/sqlite3/-/sqlite3-3.1.8.tgz",
      "integrity": "sha512-6PfRJeoGfT75OJd0d8oWvJcVlK1FjXKQfqXdW7MLkH/rt+fThF/8Z9OZTW2YFw5nq5V9+99D2S5G8pB7Xmkyg==",
      "dev": true,
      "dependencies": {
        "@types/node": "*"
      }
    },
    "node_modules/autoprefixer": {
      "version": "10.4.19",
      "resolved": "https://registry.npmjs.org/autoprefixer/-/autoprefixer-10.4.19.tgz",
      "integrity": "sha512-BaXhDkqPpO1dLq7Mj7fZozDqNksF8vj+V0zWjVxL1o/7ew2zEYXHx4pKZzPUmVsnpQJmgQAPuJvjBZPEQx8HXw==",
      "dev": true,
      "funding": [
        {
          "type": "opencollective",
          "url": "https://opencollective.com/postcss"
        },
        {
          "type": "tidelift",
          "url": "https://tidelift.com/funding/github/npm/autoprefixer"
        }
      ],
      "peerDependencies": {
        "postcss": "^8.1.0"
      }
    },
    "node_modules/csstype": {
      "version": "3.1.3",
      "resolved": "https://registry.npmjs.org/csstype/-/csstype-3.1.3.tgz",
      "integrity": "sha512-M1uQkMl8rQK/szD0LNhtqxIPLpimGm8sOBwU7lLnCpSbTyY3yeU1Vc7l4KT5zT4s/yOxHH5O7tIuuLOCnLADRw==",
      "dev": true
    },
    "node_modules/eslint": {
      "version": "8.57.0",
      "resolved": "https://registry.npmjs.org/eslint/-/eslint-8.57.0.tgz",
      "integrity": "sha512-dZrJwAIBm21YQ9q7COVWw6/wNb3hD7GyPAK7cL9xLr4L3lncMGlhQ2hx3QfQewJ1JxQ9nDGAvLQ8bohpYkTvNw==",
      "dev": true,
      "dependencies": {
        "@eslint-community/eslint-utils": "^4.2.0",
        "eslint-scope": "^7.2.0",
        "eslint-visitor-keys": "^3.4.1",
        "espree": "^9.6.1",
        "esquery": "^1.5.0",
        "esutils": "^2.0.2",
        "fast-deep-equal": "^3.1.3",
        "file-entry-cache": "^6.0.1",
        "find-up": "^5.0.0",
        "glob-parent": "^6.0.1",
        "globals": "^13.24.0",
        "graphemer": "^1.4.0",
        "ignore": "^5.2.0",
        "import-fresh": "^3.0.0",
        "imurmurhash": "^0.1.4",
        "is-glob": "^4.0.0",
        "is-path-inside": "^3.0.3",
        "js-yaml": "^4.1.0",
        "json-stable-stringify-without-jsonify": "^1.0.1",
        "levn": "^0.4.1",
        "lodash.merge": "^4.6.2",
        "minimatch": "^3.1.2",
        "natural-compare": "^1.4.0",
        "optionator": "^0.9.3",
        "strip-ansi": "^6.0.1",
        "text-table": "^0.2.0"
      },
      "bin": {
        "eslint": "bin/eslint.js"
      },
      "engines": {
        "node": "^12.22.0 || ^14.17.0 || >=16.0.0"
      },
      "funding": {
        "url": "https://opencollective.com/eslint"
      }
    },
    "node_modules/eslint-config-next": {
      "version": "14.2.5",
      "resolved": "https://registry.npmjs.org/eslint-config-next/-/eslint-config-next-14.2.5.tgz",
      "integrity": "sha512-pfw+pp9H45dY8SKhJUNX5Jv92hN/kP/vuXm/MSeW5wN2fJkZtVtIYWHHkVQZuzKDrzWSpV5vO2Y9/G8amw4nNQ==",
      "dev": true,
      "dependencies": {
        "@next/eslint-plugin-next": "14.2.5",
        "@typescript-eslint/parser": "^6.19.0",
        "eslint-import-resolver-node": "^0.3.9",
        "eslint-import-resolver-typescript": "^3.6.1",
        "eslint-plugin-import": "^2.29.1",
        "eslint-plugin-jsx-a11y": "^6.8.0",
        "eslint-plugin-react": "^7.34.0",
        "eslint-plugin-react-hooks": "^4.6.2"
      },
      "peerDependencies": {
        "eslint": "^7.23.0 || ^8.0.0",
        "typescript": ">=3.3.1"
      }
    },
    "node_modules/next": {
      "version": "14.2.5",
      "resolved": "https://registry.npmjs.org/next/-/next-14.2.5.tgz",
      "integrity": "sha512-vts29x5eIhk0T+Al1hqLcv93UfaNkmPpblT9gx8xSLHk0vXz5qK8zL6Z8d8xRHLkHTyJqx3iNnqt5ut3s2TR7Q==",
      "dependencies": {
        "@next/env": "14.2.5",
        "caniuse-lite": "^1.0.30001642",
        "postcss": "8.4.38",
        "react": "18.2.0",
        "react-dom": "18.2.0",
        "sharp": "0.33.2",
        "superjson": "2.2.1",
        "undici": "5.28.3"
      },
      "bin": {
        "next": "dist/bin/next"
      },
      "engines": {
        "node": ">=18.17.0"
      },
      "optionalDependencies": {
        "@next/swc-darwin-arm64": "14.2.5",
        "@next/swc-darwin-x64": "14.2.5",
        "@next/swc-linux-arm64-gnu": "14.2.5",
        "@next/swc-linux-arm64-musl": "14.2.5",
        "@next/swc-linux-x64-gnu": "14.2.5",
        "@next/swc-linux-x64-musl": "14.2.5",
        "@next/swc-win32-arm64-msvc": "14.2.5",
        "@next/swc-win32-ia32-msvc": "14.2.5",
        "@next/swc-win32-x64-msvc": "14.2.5"
      },
      "peerDependencies": {
        "@opentelemetry/api": "^1.1.0",
        "sass": "^1.68.0",
        "typescript": ">=5.0.0"
      },
      "peerDependenciesMeta": {
        "@opentelemetry/api": {
          "optional": true
        },
        "sass": {
          "optional": true
        },
        "typescript": {
          "optional": true
        }
      }
    },
    "node_modules/postcss": {
      "version": "8.4.38",
      "resolved": "https://registry.npmjs.org/postcss/-/postcss-8.4.38.tgz",
      "integrity": "sha512-WglpdkQzQOLGxQZVDvvkZR5RhbU2jhuGXwFe/Lh4M0gZUNvjQu9qZcPwD/iy0jm4c2kNejwGTtp7TyuVxnD/ZA==",
      "funding": [
        {
          "type": "opencollective",
          "url": "https://opencollective.com/postcss"
        },
        {
          "type": "tidelift",
          "url": "https://tidelift.com/funding/github/npm/postcss"
        }
      ],
      "dependencies": {
        "nanoid": "^3.3.7",
        "picocolors": "^1.0.0",
        "source-map-js": "^1.0.2"
      },
      "engines": {
        "node": "^10 || ^12 || >=14"
      }
    },
    "node_modules/react": {
      "version": "18.2.0",
      "resolved": "https://registry.npmjs.org/react/-/react-18.2.0.tgz",
      "integrity": "sha512-/3IjMdb2L9QbBdWiW5e3P2/npwMBaU9mHCSCUzNln0ZCYbcfTsGbTJrU/kGemdH2IWmB2ioZ+zkxtmq6g09fGQ==",
      "dependencies": {
        "loose-envify": "^1.1.0"
      },
      "engines": {
        "node": ">=0.10.0"
      }
    },
    "node_modules/react-dom": {
      "version": "18.2.0",
      "resolved": "https://registry.npmjs.org/react-dom/-/react-dom-18.2.0.tgz",
      "integrity": "sha512-6IMTriUmvsjHUjNtEDudZfuDQUoWXVxKHhlEGSk81n4YFS+r/Kl99wXiwlVXtPBtJenozv2P+hxDsw9eA7Xo6g==",
      "dependencies": {
        "loose-envify": "^1.1.0",
        "scheduler": "^0.23.0"
      },
      "peerDependencies": {
        "react": "^18.2.0"
      }
    },
    "node_modules/reflect-metadata": {
      "version": "0.2.1",
      "resolved": "https://registry.npmjs.org/reflect-metadata/-/reflect-metadata-0.2.1.tgz",
      "integrity": "sha512-PJlnnGFS8kHZ2ZRZb61K9hqL/zzh9AO6Q8mQhZ4Np4p1qHw8d0U3bWmPcWfNx8bqPNm2NYvDpMvX/4p0V5O5Q==",
      "funding": {
        "type": "opencollective",
        "url": "https://opencollective.com/reflect-metadata"
      }
    },
    "node_modules/sqlite3": {
      "version": "5.1.6",
      "resolved": "https://registry.npmjs.org/sqlite3/-/sqlite3-5.1.6.tgz",
      "integrity": "sha512-zgIdrQ8yq6u9p63jz9kF6pCbLh97mbywIqpBxoQe6FqL8Qq6m5U5P5U5l5Z5U5Z5U5Z5U5Z5U5Z5U5Z5U5Z5U==",
      "hasInstallScript": true,
      "optionalDependencies": {
        "@mapbox/node-pre-gyp": "^1.0.0",
        "node-addon-api": "^4.2.0"
      }
    },
    "node_modules/tailwindcss": {
      "version": "3.4.0",
      "resolved": "https://registry.npmjs.org/tailwindcss/-/tailwindcss-3.4.0.tgz",
      "integrity": "sha512-vX6C9zP+0sKcPbeVQ5q3XmeJMqPp9JN/9q/1Xu0PkyKJ7aXKrG7QW0qjkHPfKtKQm8N9+0qnlYkA7N0N9U9Xw==",
      "dependencies": {
        "@alloc/quick-lru": "^5.2.0",
        "arg": "^5.0.2",
        "chokidar": "^3.5.3",
        "didyoumean": "^1.2.0",
        "dlv": "^1.1.3",
        "fast-glob": "^3.3.0",
        "glob-parent": "^6.0.2",
        "is-glob": "^4.0.3",
        "jiti": "^1.19.1",
        "lilconfig": "^2.1.0",
        "micromatch": "^4.0.5",
        "normalize-path": "^3.0.0",
        "object-hash": "^3.0.0",
        "picocolors": "^1.0.0",
        "postcss": "^8.4.31",
        "postcss-js": "^4.0.1",
        "postcss-load-config": "^4.0.1",
        "postcss-nested": "^6.0.1",
        "postcss-selector-parser": "^6.0.11",
        "resolve": "^1.22.2",
        "sucrase": "^3.32.0"
      },
      "bin": {
        "tailwind": "lib/cli.js"
      },
      "engines": {
        "node": ">=14.0.0"
      }
    },
    "node_modules/typeorm": {
      "version": "0.3.20",
      "resolved": "https://registry.npmjs.org/typeorm/-/typeorm-0.3.20.tgz",
      "integrity": "sha512-4/5Z2pM1pB21yTZf5a8rK9vL+8b5Y5Q5X5L5Z5U5Z5U5Z5U5Z5U5Z5U5Z5U5Z5U5Z5U5Z5U5Z5U5Z5U5Z5U5Z5U==",
      "dependencies": {
        "chalk": "^4.1.2",
        "cli-highlight": "^2.1.11",
        "dotenv": "^16.3.1",
        "glob": "^8.1.0",
        "js-yaml": "^4.1.0",
        "mkdirp": "^1.0.4",
        "pg": "^8.11.0",
        "pg-query-stream": "^4.5.3",
        "reflect-metadata": "^0.1.13",
        "sqlite3": "^5.1.6",
        "tslib": "^2.5.0"
      },
      "bin": {
        "typeorm": "./cli.js"
      },
      "engines": {
        "node": ">=12.0.0"
      }
    },
    "node_modules/typescript": {
      "version": "5.4.5",
      "resolved": "https://registry.npmjs.org/typescript/-/typescript-5.4.5.tgz",
      "integrity": "sha512-vcI4UpRgg81oIRUFwR0WSIHKt11nJ7SAVlYNIu+QpqeyXP+gpQJy/Z4+F0aGxSE4MqwjyXvW/TzgkLAx2AGHwQ==",
      "dev": true,
      "bin": {
        "tsc": "bin/tsc",
        "tsserver": "bin/tsserver"
      },
      "engines": {
        "node": ">=14.17"
      }
    },
    "node_modules/undici-types": {
      "version": "5.26.5",
      "resolved": "https://registry.npmjs.org/undici-types/-/undici-types-5.26.5.tgz",
      "integrity": "sha512-JlCMO+ehdEIKqlFxk6IfVoAUVmgz7cU7zD/h9XZ0qzeosSHmUJVOzSQvvYSYWXkFXC+IfLKSIffhv0sVZup6pA==",
      "dev": true
    }
  }
}